{
  "corpus_sha256": "1331455986837a8c656065efae673f3b7f77d56a57fc3ad91ca9dfec6e8d94da",
  "files": {
    "SPLIT.yaml": "c3af1079594a1d9bd97b644f5083fea3675efd569f4558a3fbad2a3fb6fecbb1",
    "cases/allocate_money__t21/impl.py": "bb503079872f01671fa961ae5dba5e425ea33e8b9abbf99208e67a906dfac946",
    "cases/allocate_money__t21/meta.yaml": "fcc3806cea37265172dee44bf39821a79b2050e955e101d430f6c41bda4a87d8",
    "cases/allocate_money__t21/self_tests.py": "a6ee0ff8e2575189dcc77bba308780446fb2aaf38e6a9d69e369fc23fa9377e1",
    "cases/allocate_money__v0/impl.py": "15c85ac572e94507f002c45a8d25d183a45b889114a5242a3b7514b52a7d6c21",
    "cases/allocate_money__v0/meta.yaml": "aa3dec5469a11e28f7ac82fa2768585499fcf589c9178d4cf2bd22ac47c12096",
    "cases/allocate_money__v0/self_tests.py": "d1861a51462515a7bc86366dcb83429431bec33299883211fddcc8c40e29f228",
    "cases/allocate_money__v1/impl.py": "74e92679f324497c528dae04be79dc7790498a2d2994d91be541607c19074aa2",
    "cases/allocate_money__v1/meta.yaml": "9ea1670189ef430198cd9f80dde1d62ee0f1c8cc28d8a696ad7394fdb013dba2",
    "cases/allocate_money__v1/self_tests.py": "5548d5b65ba83b01ddf68d2dfe1af0e5d45c567bd41c16c742823c5e218fa657",
    "cases/byte_units__t20/impl.py": "b483893720fc63dea8021c8da19704ecb08236aaf422eee9a5420485f83e1763",
    "cases/byte_units__t20/meta.yaml": "a254ea4a5f3752df62bc998999b25054211c9453d6996711385992822f7470e7",
    "cases/byte_units__t20/self_tests.py": "5ef4d087f432ed579140791f63a699f497b6b3c283884848ffd0a27d31c04de8",
    "cases/byte_units__t21/impl.py": "efccfa2f948a2f135ebeda240f4022cbca5968c2980ab4e7782a94d4d69b84f6",
    "cases/byte_units__t21/meta.yaml": "403afb84d4e5674813a97a6ce2103be86e093103593ff148d8900b2cf3615ccc",
    "cases/byte_units__t21/self_tests.py": "58e013b485643ae0cb5d8f5def54c71e0ac78eb2276981bbc6f847ff6e9bcb3b",
    "cases/byte_units__t22/impl.py": "de15de9b10c7581f2b7b0550f8b681c54aef6a6606ce3afd33320f7703fd8c72",
    "cases/byte_units__t22/meta.yaml": "d013247b71d005e83e5fc4c98df04a756fba39a577674de95a8d060c1e646dc5",
    "cases/byte_units__t22/self_tests.py": "34661ac6239b2ac414d8dfa1f84a1d11d8264fdb56a43a1239df1a6242376f54",
    "cases/byte_units__t40/impl.py": "b483893720fc63dea8021c8da19704ecb08236aaf422eee9a5420485f83e1763",
    "cases/byte_units__t40/meta.yaml": "01eeacff442c877b75189a73d614cec6715ce6ff631112f6091bac08c3eb0028",
    "cases/byte_units__t40/self_tests.py": "5ef4d087f432ed579140791f63a699f497b6b3c283884848ffd0a27d31c04de8",
    "cases/byte_units__t41/impl.py": "efccfa2f948a2f135ebeda240f4022cbca5968c2980ab4e7782a94d4d69b84f6",
    "cases/byte_units__t41/meta.yaml": "96605211d735a3b3b84824e927f058c0d8b1cf7185c0816c7e71d0ada74bc1a1",
    "cases/byte_units__t41/self_tests.py": "58e013b485643ae0cb5d8f5def54c71e0ac78eb2276981bbc6f847ff6e9bcb3b",
    "cases/byte_units__v0/impl.py": "e6378f1c0c03dd549d3a6aa46d3e109531582a5f3d804cbb1c8f9588e2162e68",
    "cases/byte_units__v0/meta.yaml": "f2f43a78f985404a406ae217e20b2f36e795f152a1abf271fb46b23bd811b4a2",
    "cases/byte_units__v0/self_tests.py": "ddd09392ae8d7d4ff2edc3717d708d0a8315565030659fcbb24885afaf793eda",
    "cases/byte_units__v10/impl.py": "fb487682e5653b7f47e810751ee84798317e9ec5bb30609711533f2ee58c1689",
    "cases/byte_units__v10/meta.yaml": "fde9934801ba2e1b3b18a40f2975298d9a7676633a14d60004bac1089c003ac5",
    "cases/byte_units__v10/self_tests.py": "d466f50a1e0b348bdb334b664ee7a93dff77ce55038ef4ddf6ec25d688c48e29",
    "cases/byte_units__v11/impl.py": "4b0a69e0e0f57d6033874e385972deddccf4c78086d4f1dfe4827b95fc73a9f1",
    "cases/byte_units__v11/meta.yaml": "d14ceac9fee7c8efc1321b8049476e1009e83bce1ff904e0f672f145ebf39f06",
    "cases/byte_units__v11/self_tests.py": "b4f1a605942120a7bd535ad67d1d7ca08d292a13dff3fbbcaac47806dea07e03",
    "cases/byte_units__v12/impl.py": "df8012c552cfbfae79c2acebc4e5051684b2e3fc5ff0f1f591a6da46059cf05d",
    "cases/byte_units__v12/meta.yaml": "1abeb8b86ba96ee93cba66cfec7231387e75f6fa13145d43a6acd4fe81800a45",
    "cases/byte_units__v12/self_tests.py": "b14b9e36d3a1ceaa232d06e7336767df048265e31a71a429583639852726313a",
    "cases/csv_rfc4180__t20/impl.py": "fc1b1601779fd836bdce1a9c33c83bc84e087dd4cc27e5d6a6081ccba979b387",
    "cases/csv_rfc4180__t20/meta.yaml": "f0270b7880475ada784b83b718271555f5afdff3dedcbe5be15548b28bf18cfe",
    "cases/csv_rfc4180__t20/self_tests.py": "12f34255e91cd7fadfaea516ce7f881b829415fa1498e3a2611652c7fc4d7d0b",
    "cases/csv_rfc4180__v0/impl.py": "1c8ed3f26bf66851d7c7108aec214fadb8f9b150befc8b8f9dc5f7e482abe1be",
    "cases/csv_rfc4180__v0/meta.yaml": "a936b15f22dc854f7d21d0f0032ae2e6db9380dcdf72667ae906f94e0059f194",
    "cases/csv_rfc4180__v0/self_tests.py": "47e498ae5b75ea97ae08f6b98ca6d83a89bc977c9c36680a1d633a0f8edf6fa1",
    "cases/csv_rfc4180__v1/impl.py": "6137f4554827dc8fbcd88be9f399ddc7bce711627b854015115ef3aa06363d50",
    "cases/csv_rfc4180__v1/meta.yaml": "24e7281d9740ff44dc2e4757d57a94e37a694a838827a4aae038c8c07dc9a8a9",
    "cases/csv_rfc4180__v1/self_tests.py": "f784b927fff4db704011a605aeaad1ae8bb0766f94820ab669e48f337a97acf8",
    "cases/currency_quantize__t24/impl.py": "a527b6c20338c3b98e55686a44f3a86bcd044d3efbd979ecfb10909f0ad9eb58",
    "cases/currency_quantize__t24/meta.yaml": "97a60a97f0b828e8a4e454e0bc804f7c355f81cfec4c42525186b1968a65c34c",
    "cases/currency_quantize__t24/self_tests.py": "6675bd3af7f80593f2b117d60f5aeca8ad4f2a2f110189448fb07bc166764d22",
    "cases/currency_quantize__v11/impl.py": "485cc3e0b2b49cbbc7aa582cfb5e0e86c1e657b50944f54165f7ad72e45793fb",
    "cases/currency_quantize__v11/meta.yaml": "bd8a290bf196bfe718055eb44976ed706604945bc1d1371b9f5d4e13f1ea1dfb",
    "cases/currency_quantize__v11/self_tests.py": "61e87accbb92f05a2b79b96a53bc97e143604d55482b079870677b3e952d2454",
    "cases/currency_quantize__v12/impl.py": "dbf12611ebf98dbd649e89890e1c99e0601a747400df6b19b6a1f965aaddbc72",
    "cases/currency_quantize__v12/meta.yaml": "d18be7989bc39145d2ce7c6deac34234843352f254e578eba9ba88e64eb5fd0c",
    "cases/currency_quantize__v12/self_tests.py": "07eb2de01b3b43d73f42d2ff5c06ac82e8485b59c0232ec56ecbb172ddb33cd4",
    "cases/discount_stacking__t20/impl.py": "b919861153f1f24e02568f13cacc9b0ed97b944970a77d3ae4864bebe1912835",
    "cases/discount_stacking__t20/meta.yaml": "be006cf947e7b117d98a923f6ee1d2281f301c927e680a3b08309a5c603ff930",
    "cases/discount_stacking__t20/self_tests.py": "7d01e1f4890906bf8f5d27cbc9673dc233ce9ed5bb84d86c02e65ed49d7d7fa2",
    "cases/discount_stacking__v0/impl.py": "3c10fb50d81cedca73831764a262128f339448c1ccbc3ca78c522f86d373ac76",
    "cases/discount_stacking__v0/meta.yaml": "456f9c5e55089df042d1e88ed58c3d5e2c833f9e277397c3509fff39532e035b",
    "cases/discount_stacking__v0/self_tests.py": "cc0f05f982ad8d4295d9a28c0536e8e567d585999834d474ea1e85a31fd64002",
    "cases/discount_stacking__v10/impl.py": "501591d1ea9f60b99ef91189eb908b534583c3da31fd8f1a39fe4179b54efa4c",
    "cases/discount_stacking__v10/meta.yaml": "e14ed37453da0a05c64dbe99de02685673dc4dbb74cd9564c65aebe2d306f6d3",
    "cases/discount_stacking__v10/self_tests.py": "2ecb81c7b2722c662ef8931d224b2b63eae560b6fc7f55536ffed9d7fee534d6",
    "cases/discount_stacking__v11/impl.py": "d619da2a8ab1c61ecd8f8caf5c729dbb5058e7a1a63780f09afc6e7e22bba0a2",
    "cases/discount_stacking__v11/meta.yaml": "c433bad3722133185c9d6ccc1ad674916b425626b1ef3eb0a4caa477f8faebf7",
    "cases/discount_stacking__v11/self_tests.py": "9508252d328f1b9b3bdd45013312c4ba7a25da4dcf4b78ee98445649ee00e987",
    "cases/discount_stacking__v12/impl.py": "a2f0ec238adebcb40ca51984746fe9f8340ba73b53b186c779a99ce90b685ae3",
    "cases/discount_stacking__v12/meta.yaml": "3b419aa322697d0f3ef52d7c3326ba69613b4187b5c67e7c4387878298602cbe",
    "cases/discount_stacking__v12/self_tests.py": "9fc81905a033aff07f5a1c3e0fe5a2df3a924142a4cb7a53824bf9747004e38d",
    "cases/full_jitter_backoff__t20/impl.py": "1b24768ba2e31bf2e9de6f2e010a2303729efbb20da9e81d775cd35560df0985",
    "cases/full_jitter_backoff__t20/meta.yaml": "a8de2539209e24a78338bf14be9bb557cde047e3a674fbf809da437a5eced7dd",
    "cases/full_jitter_backoff__t20/self_tests.py": "04bccd5745aa66c694bf42c07164a77bffaeaed9d2a892e4123c55ae4e766a75",
    "cases/full_jitter_backoff__t22/impl.py": "25cc3c0aef42c8714436da433bac0fc5cf38bb1f965663f189be3af38367fcac",
    "cases/full_jitter_backoff__t22/meta.yaml": "927d9b10d37238325b1313be68804116cd946e90adbc36c9b55638f1892e4f07",
    "cases/full_jitter_backoff__t22/self_tests.py": "3ab95478679c353516ed197248916b7f62ae6fc23ff5eea9716966d3b88f375a",
    "cases/full_jitter_backoff__t42/impl.py": "25cc3c0aef42c8714436da433bac0fc5cf38bb1f965663f189be3af38367fcac",
    "cases/full_jitter_backoff__t42/meta.yaml": "5a0f6fac94dc02b49c4f7935a64d413ecc05e2599da754edfdb6e71192dbc2ce",
    "cases/full_jitter_backoff__t42/self_tests.py": "3ab95478679c353516ed197248916b7f62ae6fc23ff5eea9716966d3b88f375a",
    "cases/full_jitter_backoff__t46/impl.py": "0a47fac0eac2d126f46ebe98a2572d8332b3a09fdc2961ed924a455735f09b5f",
    "cases/full_jitter_backoff__t46/meta.yaml": "fb50be7f737063bee54ddeff8c9b6006a5387b4e81e6f84c28b9a5599e26127c",
    "cases/full_jitter_backoff__t46/self_tests.py": "6438e74faf485965cd37309a00047e9a1564685912b4b204cb86bc0434bfb03b",
    "cases/full_jitter_backoff__v10/impl.py": "5962bc3e0ba3a5461dadf10193be80809f0df3b8575d31326f619a05c05adcf9",
    "cases/full_jitter_backoff__v10/meta.yaml": "fe080f50bd9987beef62281c74b6c7d579c18dc0b32ae57c8fce194c47e8e661",
    "cases/full_jitter_backoff__v10/self_tests.py": "ab498ff6f94d5a7f50dc5adcf26c80ca95c1e36bd0cfaaf0e847fecf2adb1ac2",
    "cases/full_jitter_backoff__v11/impl.py": "5ed1af6e9d6cbc732e1301b0bc35485dd13219d2bb36cf4cb1e477303e34e830",
    "cases/full_jitter_backoff__v11/meta.yaml": "e801a9a6ba8c15b375f23660b19e0475983778463eb3ebcb99ebb9e935546887",
    "cases/full_jitter_backoff__v11/self_tests.py": "7f2dd77f68d92c67851a242668f0246bf82402320ef4889342da79faf237251f",
    "cases/full_jitter_backoff__v12/impl.py": "f3cf97018c47f3fb228e4f6dd4ab9418fb5ed05b70b3f5037d3c1231db24cd11",
    "cases/full_jitter_backoff__v12/meta.yaml": "ac8df5b2d6f860c7b82163b9862c4ceb54243a358d890439a697193a9d737d72",
    "cases/full_jitter_backoff__v12/self_tests.py": "57afdb0fc638d8c51466143d47ec37164532556a3b8ca212103eef774b4cc511",
    "cases/http_range_resolve__t20/impl.py": "49641c0fdcb48af11a14bc625dbd4b865427e66e663649226abf4993e6a07db7",
    "cases/http_range_resolve__t20/meta.yaml": "f11782766daf0d0241e952fdb8aba80147c7e66e215e8f1c4aa3e2f21ce28e6f",
    "cases/http_range_resolve__t20/self_tests.py": "a7475b8f780ba270b0c46eaf79e3e0dcf683ad35d2ee3998e4ba741116227fb5",
    "cases/http_range_resolve__t21/impl.py": "3829c0cc82a266984120a2529ac6a8b33e43c7584f5231f47cd95f72c3dd2aba",
    "cases/http_range_resolve__t21/meta.yaml": "4c8dadae721e8e02cbd1daf31dd3867b2b5514b45f48457f6016ce2c5b2b03e8",
    "cases/http_range_resolve__t21/self_tests.py": "42b00c895b4d9e2b96026355a78f472add539ee279d6cfd871bc8582346764d2",
    "cases/http_range_resolve__t40/impl.py": "49641c0fdcb48af11a14bc625dbd4b865427e66e663649226abf4993e6a07db7",
    "cases/http_range_resolve__t40/meta.yaml": "dd0a448505d69a7ed725be44f42495b3eb528f40895a9b446737352c0a1a5ea9",
    "cases/http_range_resolve__t40/self_tests.py": "a7475b8f780ba270b0c46eaf79e3e0dcf683ad35d2ee3998e4ba741116227fb5",
    "cases/http_range_resolve__v0/impl.py": "e3fdd0644799759211c1ef3562733e01953456b61d8f138d1a6d258b475d0848",
    "cases/http_range_resolve__v0/meta.yaml": "4314ea06ffda630dcbf40525f5c92bd39c53990fd39155e897689d29aef1b71f",
    "cases/http_range_resolve__v0/self_tests.py": "8c8e83237790e3a947cd9c111d548c23265ad0caaa7232e7ecbf085750daaeab",
    "cases/http_range_resolve__v1/impl.py": "97967b43379136cecfb8599c455f2a1d1809f41bbdfe3aed94f203bd7e26727e",
    "cases/http_range_resolve__v1/meta.yaml": "9d76633ee844f11c390ff1c9b7d94455ad93a3873026ee96907c18333cbd1a94",
    "cases/http_range_resolve__v1/self_tests.py": "76a3196b47f3e8505273b4877c5971a0f845bdf27b6558bf558d93231942bb3e",
    "cases/http_range_resolve__v2/impl.py": "2c968d7ce33cb4de255d6440dee5dfafaea291bcf1c7136f28c5ff2a7aa4ca16",
    "cases/http_range_resolve__v2/meta.yaml": "7300d5018ed0faa5868fe1619e5f8db5a862d37ec04a17534ba4fd743ad5b7de",
    "cases/http_range_resolve__v2/self_tests.py": "d03ef22ada904b612be8906d142ac7561573ac7c764c1355c18a20a8f3e8c8d8",
    "cases/iso_week_date__t20/impl.py": "d521ad443ebbddc8db1761524edcc791f11df5abad04acf8b678c449b0c01636",
    "cases/iso_week_date__t20/meta.yaml": "be6f90c5aae940491a9a760c10fb1c29eb7848b4f704d3c8fe553b429317ee41",
    "cases/iso_week_date__t20/self_tests.py": "b8a57c3b63aa34a64bd14181cbd5b6bcb7b6ed3068cbea46bde763d2adec7036",
    "cases/iso_week_date__v0/impl.py": "698855fcb16c37e540f688c67d6ddce1ccd757abb5f544d0a864c69c13d2bf45",
    "cases/iso_week_date__v0/meta.yaml": "7b78602d952ec1e75cd77a299e393b959a5603749b54b08206956089c6dc06e9",
    "cases/iso_week_date__v0/self_tests.py": "65829c0619a838f9a3be8a9ad9c153871c7ac705b816aecde7b16aed2d490b0c",
    "cases/iso_week_date__v1/impl.py": "fdd98bf0fcc112ba314ca9c4d82b580eb103c98662e50446d046fc4c7dc4e46d",
    "cases/iso_week_date__v1/meta.yaml": "0dafce0f7056ee007118d2cb763f743eabf35714e2046023571a15b5758afa67",
    "cases/iso_week_date__v1/self_tests.py": "de1e45cee69d414a2cc0b71c10f2f5e976941fd818d9aeae3a34dc342ca9c6ba",
    "cases/keyset_paginate__t20/impl.py": "512f3409558cda7d3bb13d02ce18be99bab59779ac525a23590c6879a81ed4b4",
    "cases/keyset_paginate__t20/meta.yaml": "849fa6d205bdedd150c21fd1f0da403b007e86c8a67c81df8f10f81249fa4adb",
    "cases/keyset_paginate__t20/self_tests.py": "1ab5b1cf2624a5ee35c8b16cab5f672f8dc0037bd8489406e956371c08d26faa",
    "cases/merge_intervals__t20/impl.py": "a3e8bc938ba858fe48753464da4f47d4e8fe98eb07c004cca0ab37888a26d1e5",
    "cases/merge_intervals__t20/meta.yaml": "412908aa6663da5057c68e23e2ed51f9eb982fe533e60286e7c45e5b1b6bf557",
    "cases/merge_intervals__t20/self_tests.py": "fdbf553a7ecff27406249bc0cae442f5eb1116d39a800a0416af9d56219f11a6",
    "cases/merge_intervals__v0/impl.py": "7eb5339c7f44f322bec875dedb89e78a3604b9060e37792252098d4ab5dcdc27",
    "cases/merge_intervals__v0/meta.yaml": "9b92a1248c5a2aedffc90526d1c12a540339e913a6448480dcae3c22716176cc",
    "cases/merge_intervals__v0/self_tests.py": "0339b3058107e739dc1ff4abb2ec48d12d2a0d191e5cc09f33c69a832c0b8fbc",
    "cases/merge_intervals__v1/impl.py": "c9174e2100b77b97ab10c57502f874070b9ed8b31af619c7f112481d25bea98d",
    "cases/merge_intervals__v1/meta.yaml": "afbdfaeb1aa02520d6ee8ca4cb9aa74de388a2dbde90c237a504fecff4a7ba39",
    "cases/merge_intervals__v1/self_tests.py": "f439add701257a051b65fe636c5a134e822fb865363a033213e0609b849566f4",
    "cases/rbac_authorize__t20/impl.py": "be0ea859fc49bb74d39782d87eca4621c56c1192aaff350cb0b354e98d739e9b",
    "cases/rbac_authorize__t20/meta.yaml": "1662aa0d97adb0a8e29ff3faa8f4ad965d1edf55e497bc3188436172ae15da2d",
    "cases/rbac_authorize__t20/self_tests.py": "5fb42bb31d8825f07f5250a1a711cf29d2d894b85fcb60ec14d62a9bc56979e6",
    "cases/rbac_authorize__v0/impl.py": "820bec51b4b20db4e10110a0464f1834f986becff0145232dcf2cf20e78718be",
    "cases/rbac_authorize__v0/meta.yaml": "281c9e7c81404d6e18f5479cd614c73a8408d728f995b261054b1e4f2c9d2401",
    "cases/rbac_authorize__v0/self_tests.py": "c54285303dcef5271acb51ed432eee69fd888bb1f2a1c6f619982de5ff4d12d5",
    "cases/rbac_authorize__v1/impl.py": "823760a26e6c189560cd3b912ea7372c65b54812fb34da1dc429c98fd3f6bca0",
    "cases/rbac_authorize__v1/meta.yaml": "e115e58c4023c7bb83adcba6597c55f60e794e91ea7949d6aa2d842d231e6f81",
    "cases/rbac_authorize__v1/self_tests.py": "2e9a2fc5aa05d32524991d35950b848fde1dff51f630846444a6b7af65e60b5d",
    "cases/rollout_bucketing__t20/impl.py": "16b261a65fe57bd520ab0b4f3f88a6bc76c7231d1bfe1b0d0856e5dad02fc612",
    "cases/rollout_bucketing__t20/meta.yaml": "5511d7643c299b074e5587717206bcbfd9c1c426ebecd91fd5eaea72d0647336",
    "cases/rollout_bucketing__t20/self_tests.py": "a033f29958f87ea7b0ca18fcece01f65b7363d9b69b90eb1c8f69eb6819a6d1c",
    "cases/rollout_bucketing__v0/impl.py": "9002c8a6125fd34b81b08415309b33b202ce84c9dd7013f183057b4aca43fac0",
    "cases/rollout_bucketing__v0/meta.yaml": "fbc0d3c5c176f79f35bbf281a77bacf8a6a6b652c8591195ebb83feb24375a51",
    "cases/rollout_bucketing__v0/self_tests.py": "b371bb5542053b7cac50d106304b50660cb0502c7d6e564507b98ad6d1840fc2",
    "cases/rollout_bucketing__v1/impl.py": "9534ebf8f5cde1684b3eaaba42a495a31ec53685a34681edfc18b38487462627",
    "cases/rollout_bucketing__v1/meta.yaml": "aa68b95c4bd8cc27fe46e81684f494ff60ce92e1d1817c7f531bb74699d88f13",
    "cases/rollout_bucketing__v1/self_tests.py": "dc1b9500a7dcbf678d160e91cbef29ac2ffe95fb21dd35055d507ed09031facf",
    "cases/semver_sort__t21/impl.py": "9fdc154b4f74d7c9211e624341341195e8fe26e5c9465c321b8d6416bed0baba",
    "cases/semver_sort__t21/meta.yaml": "58f16756257007fc6c6d0121d78e1dcfd42cf01c2f500dbb905f483c12986480",
    "cases/semver_sort__t21/self_tests.py": "d8f9db7d325da2f8e90ffc9b1fb9754cadf82c6d8542113ee24eee7ae39610c9",
    "cases/semver_sort__t46/impl.py": "a63bd186673f6a72fb08cc1309d79e20bad467cec7cba941c196a705816e3b73",
    "cases/semver_sort__t46/meta.yaml": "35a6ea0a52ec20ee0c63979bf54219b5aeb9053b36668482a174a66efa33a186",
    "cases/semver_sort__t46/self_tests.py": "5fdaeac34d489300d8b3adb2d5d33972eaaf779551f36cc4c5f4d320289f1246",
    "cases/semver_sort__v0/impl.py": "b0fd84871a0da41f5587899452d7eb6f4ea908c9a13b98c98dc7443eaa70a778",
    "cases/semver_sort__v0/meta.yaml": "3595315093bc11ab70d9558edd5cb0147a8459c2db92498a4665f308168c5ae0",
    "cases/semver_sort__v0/self_tests.py": "a5e14dc1ea7b569b376d6bb32fcfca9956d2967ee8f244b888729db53823cb3e",
    "cases/token_bucket__t20/impl.py": "0d04cc0500b4e4d4941d26467297b2f8885560a5d17c299ceee59f5f48fbbcb7",
    "cases/token_bucket__t20/meta.yaml": "c53637be575c48b2114d4bd5dcdecb223217bb754f5018c93200de26a18e160c",
    "cases/token_bucket__t20/self_tests.py": "c4f26d02ed0ab2a770e15f3631169f2522daabd877ee593f12bd08151489e216",
    "tasks/allocate_money/SPEC.md": "a3dc00e090cfdf104f0cff0dd7a03bef997758961aebcc6aad9ae213c6ab488f",
    "tasks/allocate_money/SPEC.terse.md": "7d256f19170af79d37192e86297c549788ff6a0813f42b65ae6f1341c6566323",
    "tasks/allocate_money/crosscheck.py": "bd7035fde6e2f335d268db5c05b1a698d706dfc008b787698f233224ba50a49b",
    "tasks/allocate_money/generators.py": "d169c1ded2e75606ec243005d34620a236cd778fcb1450bf4f653253e636c19f",
    "tasks/allocate_money/reference.py": "84025b5ed8c5f32253ff527a7a93d3c570bedb1fc1940b713c5d3723a76093c1",
    "tasks/allocate_money/selftest.py": "1c54d02cad47df97160d6032b1c784d391d45d29b505f678eba2daa2bf7338e9",
    "tasks/allocate_money/task.yaml": "ccc205cb89d794ebe098205052dab431a3667dea272e503602374159249c78e0",
    "tasks/byte_units/SPEC.md": "0d0ae0842b62fda72227ba4379701bcc8bbfc50041662924c29e70810025afac",
    "tasks/byte_units/SPEC.terse.md": "d7e2bca828b72bbf560729d02796820543011802998d59a73fb45b03ba35193e",
    "tasks/byte_units/crosscheck.py": "9d7b96844f00ca04e237c732bb3939b7c6777cc03da36fd80279ec7744b061eb",
    "tasks/byte_units/generators.py": "3dc56dd39e87b33e80d81549e5d35181c0396a27566388e697704025a6b3d124",
    "tasks/byte_units/reference.py": "ae63c2e96b8b125286733cec49e0186be0271705b9346aed13f260eee617fdb6",
    "tasks/byte_units/selftest.py": "7a380db3382d2b4636a3a9558fa82721d2139d5e0b620c27c73cf970646d94ad",
    "tasks/byte_units/task.yaml": "14cceaf5c7dd6ef1b1c4645d6fd7644a4d043e2b1a8aba2c04111f700dd5b8e7",
    "tasks/csv_rfc4180/SPEC.md": "2638cf82eaebc247a3374a12cc2725c779da9d7b9010e00b863af6de12424995",
    "tasks/csv_rfc4180/SPEC.terse.md": "5288ff742b49f2a04e42b96256d3dfe7140221b6320e18ac2a1a6daae05fc9b7",
    "tasks/csv_rfc4180/crosscheck.py": "9927890acb8b16a8a33bb6f6c27345d96dad6b67dd71dd8eeea453593db386d4",
    "tasks/csv_rfc4180/generators.py": "96b5a66d9aedc0f96f2e8b99a375d0a0051c9aa091d93a6250b36842889a5f73",
    "tasks/csv_rfc4180/reference.py": "685be450037d885e14a4ed69b36bbd0ae598ee5e684d21f2ed04ade13f8f2c11",
    "tasks/csv_rfc4180/selftest.py": "067ed1508eb61c233a437be2e94f3d310aa46f1ca63f61f59861c83a1b12d9d9",
    "tasks/csv_rfc4180/task.yaml": "fa70948e43fce42ef837c1e164f411b09f17b8ad2b9480f01ef78389579ddfd9",
    "tasks/currency_quantize/SPEC.md": "b316ed3a544c7c74a8b008ba93cac02115f451ce0da43f399a7aa1247c7251dc",
    "tasks/currency_quantize/SPEC.terse.md": "bb68beebb64e4d36d57bc7a5faf84b1e0286b830979cd3172eca0f41315ac2f4",
    "tasks/currency_quantize/crosscheck.py": "8ee140196d1a00d647a77928176854f7755fd1d818795761b2e2a5a6af676631",
    "tasks/currency_quantize/generators.py": "8907d02ab73a4241592ef9b98aa47b26a55a09f2586b0d9d7873b726cb51cc10",
    "tasks/currency_quantize/reference.py": "126a2bfbebf58aed5ec143e5bc2a63b4b619a422ea762d3453fa668d79476aaa",
    "tasks/currency_quantize/selftest.py": "eaf3e6e2cf4e4c942c3d42a9508fd1d4d340ebcf1edac3202abb3e6406a109d4",
    "tasks/currency_quantize/task.yaml": "372e44e309f104099b03e904b24fbafc982826eeff48423f1a5892b72572ca95",
    "tasks/discount_stacking/SPEC.md": "d37ce2bfa3dd5099eb3f268c7c6003357cf0985612eebb7fa9482967e00acb98",
    "tasks/discount_stacking/SPEC.terse.md": "63c8871bed59bfd5bb652eea056e06e4c716a1393312d66b93990d37d5237cf8",
    "tasks/discount_stacking/crosscheck.py": "e3c32745eedd764b486412aa81363959130d3df390cf049bbc437882f50164de",
    "tasks/discount_stacking/generators.py": "a8a21a5ab88291ce3c88426be74e6effc9085c33322f6f4befdc4c53013d0daa",
    "tasks/discount_stacking/reference.py": "6fd117d25347f1309368d31f0fd5abcb081f7c53e51b07575c338879cfe97064",
    "tasks/discount_stacking/selftest.py": "4534f7294d7387a653e396a50268b5852199807fe4bd1c9dcec7a4c74fe1e6a3",
    "tasks/discount_stacking/task.yaml": "50a8c4984a5b39e7ce4e536c14677de63065d1ba4f630bfca47812527653e5d9",
    "tasks/full_jitter_backoff/SPEC.md": "355442b848aa5ffe245bc289cab50ba3dcea36c3286fb745c1755818dd819377",
    "tasks/full_jitter_backoff/SPEC.terse.md": "3b0630db6abab4aecf9532b9085b3fd78bdfaea1df32941236758968934dffc4",
    "tasks/full_jitter_backoff/crosscheck.py": "ea926e6ed8f3fcd5baf384a53744b3be66d7bc90c92a2b4a815f37faaf8d9552",
    "tasks/full_jitter_backoff/generators.py": "9741974a6e3273621e34828b595a96e121d843c5f157daccae9e7c985723e858",
    "tasks/full_jitter_backoff/reference.py": "0cf86d713c1778cb925af082d77736eea64b9ef5e02e8e032a1557b76d6a123d",
    "tasks/full_jitter_backoff/selftest.py": "d485ce3ecfd12b813e5cabe88e2b903c2467775fbbca436b55d0ea92cb939a97",
    "tasks/full_jitter_backoff/task.yaml": "3298780baf80f4b24018881ac5b7d35a94cc7b4522a524c99e87ef011bd42f18",
    "tasks/http_range_resolve/SPEC.md": "570f03ea5f791cd7c4eb0d9fe6f7524e53bcdcb4d23819856b61b588f5ca95c1",
    "tasks/http_range_resolve/SPEC.terse.md": "18b52aa96bfd778421fd150896038f35e40789866c09894d4729f7d8a151785e",
    "tasks/http_range_resolve/crosscheck.py": "e550777ede1cd8de08bf87aa40259b08df6fd688084ec218715b350298bf353c",
    "tasks/http_range_resolve/generators.py": "1b366e5fe830599ce3ae32c8a3ab64a8473a4f081eedf44cd88b8b193779f982",
    "tasks/http_range_resolve/reference.py": "0b23a90d389af20d3ad7e24334225b8043a0912ff9ed2f3467674bfe1713eea5",
    "tasks/http_range_resolve/selftest.py": "64904f02a6b26644198723b2a02a5154a86a284421748d70b78d05e94b98e087",
    "tasks/http_range_resolve/task.yaml": "abec81b8b9a814c96f6e6932160d0e35e7e4b871074cc903749a2faf28714a22",
    "tasks/iso_week_date/SPEC.md": "28936d3d1bff442605581ae5a92cc90617b5a13e78dd323da40a4dcd63eefbe4",
    "tasks/iso_week_date/SPEC.terse.md": "7ceba6d621982e0d97dead4e226ebb14af02b31bb3be57a7cdb7d82e30b8f72d",
    "tasks/iso_week_date/crosscheck.py": "02b97343c2ade0835e00e4ddaca90b271ab210e5fa36f0e6f18794a82f430795",
    "tasks/iso_week_date/generators.py": "d2c00d3b43e446a7ef91f1a60fe59a476cccb1c31df586399de286fe9e3eca89",
    "tasks/iso_week_date/reference.py": "8609b889f2330d20cd71c733ef83682b8ddec535eec3c6663627698a6f54a4d9",
    "tasks/iso_week_date/selftest.py": "d3f8404b42cdf81db734d2003fda20ec65ed4e596514b8ef2264969c3b1f3c5c",
    "tasks/iso_week_date/task.yaml": "a10b451b1f3b2d68e493319bf4b0920f115d84ee406e00635d8b6baed19219ac",
    "tasks/keyset_paginate/SPEC.md": "30e000a5f75c8a69033aed8b913ed10f9838487e2140e59e4ff1dee22d7a917f",
    "tasks/keyset_paginate/SPEC.terse.md": "bda8e38ec2198010938773bfda7e44ec1a7116821ae24460a83dfd2459e63f66",
    "tasks/keyset_paginate/crosscheck.py": "c9332afb4b2606db4fa83b1837c2365ba4d2694fe6109fcfc540c33c3a0281ef",
    "tasks/keyset_paginate/generators.py": "56e21c6f1ae742d38401174f1916075f4f4b9f0e77098b07d61e710367ec3e38",
    "tasks/keyset_paginate/reference.py": "0b06472fe5bc0ab8669e30478685f1be48528bf97a39a75b02a7c0eea9e2f491",
    "tasks/keyset_paginate/selftest.py": "461f8d5c599f98175624a0213ffa7951c8189dd5fc8e03bed670d16a1fdf419f",
    "tasks/keyset_paginate/task.yaml": "55e5e6749c4d32b70c6c2c631a71b8fe661d13e4d6533e15c4401040dc2b7d95",
    "tasks/merge_intervals/SPEC.md": "56193920c65100012f8abd86c4866c566618c6262b32b5b188baa0f63f4735c3",
    "tasks/merge_intervals/SPEC.terse.md": "6a4ea5dfd9b12e1719cf2a7956543d99193c9f8cbcca1cf4ff85fadee5fc6433",
    "tasks/merge_intervals/crosscheck.py": "52b27aad80d7397f0222fbbbf1c7646fa7a8fc6854e661baf9c13be2035b9917",
    "tasks/merge_intervals/generators.py": "e94bc63146b6d4586089ad4d6e85ddfab4161ad383db6a8871e4a3a9bd0056c3",
    "tasks/merge_intervals/reference.py": "9a09702f2ee9a652a662345f87783d65ff4c3ca310795cfc68d08869a2d8db13",
    "tasks/merge_intervals/selftest.py": "8b591dc0d5dd250e1f46e540f34f096a6b1e302ea7f9f725c81c245734f5e3d2",
    "tasks/merge_intervals/task.yaml": "afcf82d263e4090c34076597eac21d4764c66c24f78c506eb83784d840514c18",
    "tasks/rbac_authorize/SPEC.md": "f091713bf12089e0a38f214c6f2723ccca88ed131169118e368bbf8d264b848a",
    "tasks/rbac_authorize/SPEC.terse.md": "53947bc29b4c224dc686810dbaf3828ae1ec5959b8307d0fdb77a7f618d5eb1e",
    "tasks/rbac_authorize/crosscheck.py": "9bf9a2a32a9e1ee24e6f1d3be681693b3637edb571a6dbf481eaa8a905be0e3b",
    "tasks/rbac_authorize/generators.py": "a3d9474aa4d2fa43ad2092ac1fa078b6ef9fc53558d0f4d7f1fa83242df828d7",
    "tasks/rbac_authorize/reference.py": "e8f12ce606ced7243b35064b5351f573694b7000aa7938af1dd2d6728eda8d47",
    "tasks/rbac_authorize/selftest.py": "928dbeacf0b2304e5a305977b10a7dafb7aac1c78a777b26ac7b8e290bac4bed",
    "tasks/rbac_authorize/task.yaml": "c871f1eacbaabf3ec1577d8bf90595a9702a1203467931eea9b2b2acbc1d914b",
    "tasks/rollout_bucketing/SPEC.md": "c06f15c94e4d8649b7dcc61cbc492e13f5fa84afd89edadde1d1d700c931b750",
    "tasks/rollout_bucketing/SPEC.terse.md": "8d976b477fb553d7a6ae1615352c469c73e7ae65e08de1aa2669ef2e3bfb4d86",
    "tasks/rollout_bucketing/crosscheck.py": "222b680647cc2e8afa9279340cb4446d1d5ab3754fd237d1306cb4966ec88b2b",
    "tasks/rollout_bucketing/generators.py": "17f40204066cc830224b7f4d0a97c9bbc46abae2893bb4c67542fc76b1914086",
    "tasks/rollout_bucketing/reference.py": "ea87bf1b0a184419f3a3a9d95a7e040f273c7f57f8209facd97f8decec5d007f",
    "tasks/rollout_bucketing/selftest.py": "f59e74d3260a9b15cd38a4bb5acf2960f277d1cc2254865a25c0e2e16b2932e0",
    "tasks/rollout_bucketing/task.yaml": "f4e48a4a157e07558cf5e9d4683f151ea5594b5a4e7dbbab0beaa5b3717afe19",
    "tasks/semver_sort/SPEC.md": "8561a0fb1e77bcf954046e6765a9a9726f49a5217ad8d019a8443cabb6ef61fb",
    "tasks/semver_sort/SPEC.terse.md": "c6b66c38ce694e5f8ebbf53197851b8c44bd8ef96b93c2ee329ba792c8155017",
    "tasks/semver_sort/crosscheck.py": "374db4d153a0d52da8058c4dbd803580e1397c7a5eb6665a8b0d3314bb6c5dfa",
    "tasks/semver_sort/generators.py": "9856909f7ba641318c1bfa351dfe50ce73c9df45c192ef4fe275d9c1b3ca9515",
    "tasks/semver_sort/reference.py": "6f3ce584a2437944c8907abc798df24d94eceb95e819d30f589bf07d93e24d73",
    "tasks/semver_sort/selftest.py": "509c1e45521075b31a0f590c8221f66ca12b77f386b0f41cf1bf93c41f68d091",
    "tasks/semver_sort/task.yaml": "4e7d9371ceb01b40b913ec221d7812340c6e9bd018cdf662b814106dac1df922",
    "tasks/token_bucket/SPEC.md": "8c42e261faddf12d0556cf85eef16c29bc3537a4d15aefb78dc1f8753f466e5f",
    "tasks/token_bucket/SPEC.terse.md": "643e7dbdc21167305bbd017360e5e6127d6ac4bd5303e145dce4d77ae420e6b3",
    "tasks/token_bucket/crosscheck.py": "98fb9b952da00731073c4c3c2f72ad2d8a775c5ac14c51c2248b8ef1b2bd7f12",
    "tasks/token_bucket/generators.py": "50b1cb4f227b63756647b859d32ee4eeb00e01e231c38d1ffbf9ee810dfb8802",
    "tasks/token_bucket/reference.py": "279e2ac2412c68da64f4ebe0d6676a0fb000ab822033835dc9755db631a63be1",
    "tasks/token_bucket/selftest.py": "765d27123167359ff8979b7e2ae3f164ffed3582d74ab31f539f55de5c9b9099",
    "tasks/token_bucket/task.yaml": "6c688603f3185db7decda7c96eef6726db1e962a58433475596f95ecbeb40c59"
  },
  "n_cases": 53,
  "n_files": 258,
  "n_tasks": 14,
  "version": 1
}
